
Microsoft Visual Studio Solution File, Format Version 12.00
# Visual Studio Version 17
VisualStudioVersion = 17.0.32014.148
MinimumVisualStudioVersion = 10.0.40219.1
Project("{FAE04EC0-301F-11D3-BF4B-00C04F79EFBC}") = "Titulacion", "Titulacion\Titulacion.csproj", "{059AE163-9576-4C77-8FBB-91C25B542ED2}"
EndProject
Project("{FAE04EC0-301F-11D3-BF4B-00C04F79EFBC}") = "ModeloDB", "ModeloDB\ModeloDB.csproj", "{3DD135BD-5E28-4AC7-98CD-7FBA912C7E6E}"
EndProject
Project("{FAE04EC0-301F-11D3-BF4B-00C04F79EFBC}") = "Consola", "Consola\Consola.csproj", "{FEED124C-F1AF-4CED-8C01-59B88A34DF8A}"
EndProject
Global
	GlobalSection(SolutionConfigurationPlatforms) = preSolution
		Debug|Any CPU = Debug|Any CPU
		Release|Any CPU = Release|Any CPU
	EndGlobalSection
	GlobalSection(ProjectConfigurationPlatforms) = postSolution
		{059AE163-9576-4C77-8FBB-91C25B542ED2}.Debug|Any CPU.ActiveCfg = Debug|Any CPU
		{059AE163-9576-4C77-8FBB-91C25B542ED2}.Debug|Any CPU.Build.0 = Debug|Any CPU
		{059AE163-9576-4C77-8FBB-91C25B542ED2}.Release|Any CPU.ActiveCfg = Release|Any CPU
		{059AE163-9576-4C77-8FBB-91C25B542ED2}.Release|Any CPU.Build.0 = Release|Any CPU
		{3DD135BD-5E28-4AC7-98CD-7FBA912C7E6E}.Debug|Any CPU.ActiveCfg = Debug|Any CPU
		{3DD135BD-5E28-4AC7-98CD-7FBA912C7E6E}.Debug|Any CPU.Build.0 = Debug|Any CPU
		{3DD135BD-5E28-4AC7-98CD-7FBA912C7E6E}.Release|Any CPU.ActiveCfg = Release|Any CPU
		{3DD135BD-5E28-4AC7-98CD-7FBA912C7E6E}.Release|Any CPU.Build.0 = Release|Any CPU
		{FEED124C-F1AF-4CED-8C01-59B88A34DF8A}.Debug|Any CPU.ActiveCfg = Debug|Any CPU
		{FEED124C-F1AF-4CED-8C01-59B88A34DF8A}.Debug|Any CPU.Build.0 = Debug|Any CPU
		{FEED124C-F1AF-4CED-8C01-59B88A34DF8A}.Release|Any CPU.ActiveCfg = Release|Any CPU
		{FEED124C-F1AF-4CED-8C01-59B88A34DF8A}.Release|Any CPU.Build.0 = Release|Any CPU
	EndGlobalSection
	GlobalSection(SolutionProperties) = preSolution
		HideSolutionNode = FALSE
	EndGlobalSection
	GlobalSection(ExtensibilityGlobals) = postSolution
		SolutionGuid = {33A97CC7-4BE6-488E-8AAA-351C724EB321}
	EndGlobalSection
EndGlobal
